// !$*UTF8*$!
{
	archiveVersion = 1;
	classes = {
	};
	objectVersion = 56;
	objects = {

/* Begin PBXBuildFile section */
		A508E1132A89579600E8DEEA /* MeetingHeaderView.swift in Sources */ = {isa = PBXBuildFile; fileRef = A508E1122A89579600E8DEEA /* MeetingHeaderView.swift */; };
		A510C9722A82BFB70058AB5F /* ScrumsView.swift in Sources */ = {isa = PBXBuildFile; fileRef = A510C9712A82BFB70058AB5F /* ScrumsView.swift */; };
		A539132E2A8D581200210B4A /* NewScrumSheet.swift in Sources */ = {isa = PBXBuildFile; fileRef = A539132D2A8D581200210B4A /* NewScrumSheet.swift */; };
		A54064C42A8A7BED0027A4FD /* ScrumProgressViewStyle.swift in Sources */ = {isa = PBXBuildFile; fileRef = A54064C32A8A7BED0027A4FD /* ScrumProgressViewStyle.swift */; };
		A54064C62A8A7EFF0027A4FD /* ScrumTimer.swift in Sources */ = {isa = PBXBuildFile; fileRef = A54064C52A8A7EFF0027A4FD /* ScrumTimer.swift */; };
		A54064C82A8A88760027A4FD /* MeetingFooterView.swift in Sources */ = {isa = PBXBuildFile; fileRef = A54064C72A8A88760027A4FD /* MeetingFooterView.swift */; };
		A54064CA2A8A8CAA0027A4FD /* AVPlayer+Ding.swift in Sources */ = {isa = PBXBuildFile; fileRef = A54064C92A8A8CAA0027A4FD /* AVPlayer+Ding.swift */; };
		A558CAF62A82884900964040 /* Theme.swift in Sources */ = {isa = PBXBuildFile; fileRef = A558CAF52A82884900964040 /* Theme.swift */; };
		A558CAF82A82946F00964040 /* DailyScrum.swift in Sources */ = {isa = PBXBuildFile; fileRef = A558CAF72A82946F00964040 /* DailyScrum.swift */; };
		A558CAFA2A82961500964040 /* CardView.swift in Sources */ = {isa = PBXBuildFile; fileRef = A558CAF92A82961500964040 /* CardView.swift */; };
		A558CAFC2A829A3E00964040 /* TrailingIconLabelStyle.swift in Sources */ = {isa = PBXBuildFile; fileRef = A558CAFB2A829A3E00964040 /* TrailingIconLabelStyle.swift */; };
		A55953092A86766F00D0DB5B /* DetailEditView.swift in Sources */ = {isa = PBXBuildFile; fileRef = A55953082A86766F00D0DB5B /* DetailEditView.swift */; };
		A5A4ED032A864F4E000FEE88 /* DetailView.swift in Sources */ = {isa = PBXBuildFile; fileRef = A5A4ED022A864F4E000FEE88 /* DetailView.swift */; };
		A5D13D8C2A913B520083859F /* History.swift in Sources */ = {isa = PBXBuildFile; fileRef = A5D13D8B2A913B520083859F /* History.swift */; };
		A5E5A3902A93EE1300A6E182 /* ScrumStore.swift in Sources */ = {isa = PBXBuildFile; fileRef = A5E5A38F2A93EE1300A6E182 /* ScrumStore.swift */; };
		A5F5DEB42A814ED700128436 /* SwiftUIOneApp.swift in Sources */ = {isa = PBXBuildFile; fileRef = A5F5DEB32A814ED700128436 /* SwiftUIOneApp.swift */; };
		A5F5DEB62A814ED700128436 /* MeetingView.swift in Sources */ = {isa = PBXBuildFile; fileRef = A5F5DEB52A814ED700128436 /* MeetingView.swift */; };
		A5F5DEB82A814ED900128436 /* Assets.xcassets in Resources */ = {isa = PBXBuildFile; fileRef = A5F5DEB72A814ED900128436 /* Assets.xcassets */; };
		A5F5DEBC2A814ED900128436 /* Preview Assets.xcassets in Resources */ = {isa = PBXBuildFile; fileRef = A5F5DEBB2A814ED900128436 /* Preview Assets.xcassets */; };
		A5F87A922A9A62DF008DD9E5 /* ErrorWrapper.swift in Sources */ = {isa = PBXBuildFile; fileRef = A5F87A912A9A62DF008DD9E5 /* ErrorWrapper.swift */; };
		A5F87A942A9A6388008DD9E5 /* ErrorView.swift in Sources */ = {isa = PBXBuildFile; fileRef = A5F87A932A9A6388008DD9E5 /* ErrorView.swift */; };
		A5F8D48B2A87FB3E0038D149 /* ThemeView.swift in Sources */ = {isa = PBXBuildFile; fileRef = A5F8D48A2A87FB3E0038D149 /* ThemeView.swift */; };
		A5F8D48D2A87FCE80038D149 /* ThemePickerView.swift in Sources */ = {isa = PBXBuildFile; fileRef = A5F8D48C2A87FCE80038D149 /* ThemePickerView.swift */; };
/* End PBXBuildFile section */

/* Begin PBXFileReference section */
		A508E1122A89579600E8DEEA /* MeetingHeaderView.swift */ = {isa = PBXFileReference; lastKnownFileType = sourcecode.swift; path = MeetingHeaderView.swift; sourceTree = "<group>"; };
		A510C9712A82BFB70058AB5F /* ScrumsView.swift */ = {isa = PBXFileReference; lastKnownFileType = sourcecode.swift; path = ScrumsView.swift; sourceTree = "<group>"; };
		A539132D2A8D581200210B4A /* NewScrumSheet.swift */ = {isa = PBXFileReference; lastKnownFileType = sourcecode.swift; path = NewScrumSheet.swift; sourceTree = "<group>"; };
		A54064C32A8A7BED0027A4FD /* ScrumProgressViewStyle.swift */ = {isa = PBXFileReference; lastKnownFileType = sourcecode.swift; path = ScrumProgressViewStyle.swift; sourceTree = "<group>"; };
		A54064C52A8A7EFF0027A4FD /* ScrumTimer.swift */ = {isa = PBXFileReference; lastKnownFileType = sourcecode.swift; path = ScrumTimer.swift; sourceTree = "<group>"; };
		A54064C72A8A88760027A4FD /* MeetingFooterView.swift */ = {isa = PBXFileReference; lastKnownFileType = sourcecode.swift; path = MeetingFooterView.swift; sourceTree = "<group>"; };
		A54064C92A8A8CAA0027A4FD /* AVPlayer+Ding.swift */ = {isa = PBXFileReference; lastKnownFileType = sourcecode.swift; path = "AVPlayer+Ding.swift"; sourceTree = "<group>"; };
		A558CAF52A82884900964040 /* Theme.swift */ = {isa = PBXFileReference; lastKnownFileType = sourcecode.swift; path = Theme.swift; sourceTree = "<group>"; };
		A558CAF72A82946F00964040 /* DailyScrum.swift */ = {isa = PBXFileReference; lastKnownFileType = sourcecode.swift; path = DailyScrum.swift; sourceTree = "<group>"; };
		A558CAF92A82961500964040 /* CardView.swift */ = {isa = PBXFileReference; lastKnownFileType = sourcecode.swift; path = CardView.swift; sourceTree = "<group>"; };
		A558CAFB2A829A3E00964040 /* TrailingIconLabelStyle.swift */ = {isa = PBXFileReference; lastKnownFileType = sourcecode.swift; path = TrailingIconLabelStyle.swift; sourceTree = "<group>"; };
		A55953082A86766F00D0DB5B /* DetailEditView.swift */ = {isa = PBXFileReference; lastKnownFileType = sourcecode.swift; path = DetailEditView.swift; sourceTree = "<group>"; };
		A5A4ED022A864F4E000FEE88 /* DetailView.swift */ = {isa = PBXFileReference; lastKnownFileType = sourcecode.swift; path = DetailView.swift; sourceTree = "<group>"; };
		A5D13D8B2A913B520083859F /* History.swift */ = {isa = PBXFileReference; lastKnownFileType = sourcecode.swift; path = History.swift; sourceTree = "<group>"; };
		A5E5A38F2A93EE1300A6E182 /* ScrumStore.swift */ = {isa = PBXFileReference; lastKnownFileType = sourcecode.swift; path = ScrumStore.swift; sourceTree = "<group>"; };
		A5F5DEB02A814ED700128436 /* SwiftUIOne.app */ = {isa = PBXFileReference; explicitFileType = wrapper.application; includeInIndex = 0; path = SwiftUIOne.app; sourceTree = BUILT_PRODUCTS_DIR; };
		A5F5DEB32A814ED700128436 /* SwiftUIOneApp.swift */ = {isa = PBXFileReference; lastKnownFileType = sourcecode.swift; path = SwiftUIOneApp.swift; sourceTree = "<group>"; };
		A5F5DEB52A814ED700128436 /* MeetingView.swift */ = {isa = PBXFileReference; lastKnownFileType = sourcecode.swift; path = MeetingView.swift; sourceTree = "<group>"; };
		A5F5DEB72A814ED900128436 /* Assets.xcassets */ = {isa = PBXFileReference; lastKnownFileType = folder.assetcatalog; path = Assets.xcassets; sourceTree = "<group>"; };
		A5F5DEB92A814ED900128436 /* SwiftUIOne.entitlements */ = {isa = PBXFileReference; lastKnownFileType = text.plist.entitlements; path = SwiftUIOne.entitlements; sourceTree = "<group>"; };
		A5F5DEBB2A814ED900128436 /* Preview Assets.xcassets */ = {isa = PBXFileReference; lastKnownFileType = folder.assetcatalog; path = "Preview Assets.xcassets"; sourceTree = "<group>"; };
		A5F87A912A9A62DF008DD9E5 /* ErrorWrapper.swift */ = {isa = PBXFileReference; lastKnownFileType = sourcecode.swift; path = ErrorWrapper.swift; sourceTree = "<group>"; };
		A5F87A932A9A6388008DD9E5 /* ErrorView.swift */ = {isa = PBXFileReference; lastKnownFileType = sourcecode.swift; path = ErrorView.swift; sourceTree = "<group>"; };
		A5F8D48A2A87FB3E0038D149 /* ThemeView.swift */ = {isa = PBXFileReference; lastKnownFileType = sourcecode.swift; path = ThemeView.swift; sourceTree = "<group>"; };
		A5F8D48C2A87FCE80038D149 /* ThemePickerView.swift */ = {isa = PBXFileReference; lastKnownFileType = sourcecode.swift; path = ThemePickerView.swift; sourceTree = "<group>"; };
/* End PBXFileReference section */

/* Begin PBXFrameworksBuildPhase section */
		A5F5DEAD2A814ED700128436 /* Frameworks */ = {
			isa = PBXFrameworksBuildPhase;
			buildActionMask = 2147483647;
			files = (
			);
			runOnlyForDeploymentPostprocessing = 0;
		};
/* End PBXFrameworksBuildPhase section */

/* Begin PBXGroup section */
		A558CAF42A82882A00964040 /* Model */ = {
			isa = PBXGroup;
			children = (
				A558CAF52A82884900964040 /* Theme.swift */,
				A558CAF72A82946F00964040 /* DailyScrum.swift */,
				A54064C52A8A7EFF0027A4FD /* ScrumTimer.swift */,
				A54064C92A8A8CAA0027A4FD /* AVPlayer+Ding.swift */,
				A5D13D8B2A913B520083859F /* History.swift */,
				A5E5A38F2A93EE1300A6E182 /* ScrumStore.swift */,
				A5F87A912A9A62DF008DD9E5 /* ErrorWrapper.swift */,
			);
			path = Model;
			sourceTree = "<group>";
		};
		A5F5DEA72A814ED700128436 = {
			isa = PBXGroup;
			children = (
				A5F5DEB22A814ED700128436 /* SwiftUIOne */,
				A5F5DEB12A814ED700128436 /* Products */,
			);
			sourceTree = "<group>";
		};
		A5F5DEB12A814ED700128436 /* Products */ = {
			isa = PBXGroup;
			children = (
				A5F5DEB02A814ED700128436 /* SwiftUIOne.app */,
			);
			name = Products;
			sourceTree = "<group>";
		};
		A5F5DEB22A814ED700128436 /* SwiftUIOne */ = {
			isa = PBXGroup;
			children = (
				A558CAF42A82882A00964040 /* Model */,
				A5F5DEB32A814ED700128436 /* SwiftUIOneApp.swift */,
				A5F5DEB52A814ED700128436 /* MeetingView.swift */,
				A508E1122A89579600E8DEEA /* MeetingHeaderView.swift */,
				A54064C72A8A88760027A4FD /* MeetingFooterView.swift */,
				A510C9712A82BFB70058AB5F /* ScrumsView.swift */,
				A539132D2A8D581200210B4A /* NewScrumSheet.swift */,
				A558CAF92A82961500964040 /* CardView.swift */,
				A5A4ED022A864F4E000FEE88 /* DetailView.swift */,
				A55953082A86766F00D0DB5B /* DetailEditView.swift */,
				A5F8D48A2A87FB3E0038D149 /* ThemeView.swift */,
				A5F8D48C2A87FCE80038D149 /* ThemePickerView.swift */,
				A5F87A932A9A6388008DD9E5 /* ErrorView.swift */,
				A558CAFB2A829A3E00964040 /* TrailingIconLabelStyle.swift */,
				A54064C32A8A7BED0027A4FD /* ScrumProgressViewStyle.swift */,
				A5F5DEB72A814ED900128436 /* Assets.xcassets */,
				A5F5DEB92A814ED900128436 /* SwiftUIOne.entitlements */,
				A5F5DEBA2A814ED900128436 /* Preview Content */,
			);
			path = SwiftUIOne;
			sourceTree = "<group>";
		};
		A5F5DEBA2A814ED900128436 /* Preview Content */ = {
			isa = PBXGroup;
			children = (
				A5F5DEBB2A814ED900128436 /* Preview Assets.xcassets */,
			);
			path = "Preview Content";
			sourceTree = "<group>";
		};
/* End PBXGroup section */

/* Begin PBXNativeTarget section */
		A5F5DEAF2A814ED700128436 /* SwiftUIOne */ = {
			isa = PBXNativeTarget;
			buildConfigurationList = A5F5DEBF2A814ED900128436 /* Build configuration list for PBXNativeTarget "SwiftUIOne" */;
			buildPhases = (
				A5F5DEAC2A814ED700128436 /* Sources */,
				A5F5DEAD2A814ED700128436 /* Frameworks */,
				A5F5DEAE2A814ED700128436 /* Resources */,
			);
			buildRules = (
			);
			dependencies = (
			);
			name = SwiftUIOne;
			productName = SwiftUIOne;
			productReference = A5F5DEB02A814ED700128436 /* SwiftUIOne.app */;
			productType = "com.apple.product-type.application";
		};
/* End PBXNativeTarget section */

/* Begin PBXProject section */
		A5F5DEA82A814ED700128436 /* Project object */ = {
			isa = PBXProject;
			attributes = {
				BuildIndependentTargetsInParallel = 1;
				LastSwiftUpdateCheck = 1500;
				LastUpgradeCheck = 1500;
				TargetAttributes = {
					A5F5DEAF2A814ED700128436 = {
						CreatedOnToolsVersion = 15.0;
					};
				};
			};
			buildConfigurationList = A5F5DEAB2A814ED700128436 /* Build configuration list for PBXProject "SwiftUIOne" */;
			compatibilityVersion = "Xcode 14.0";
			developmentRegion = en;
			hasScannedForEncodings = 0;
			knownRegions = (
				en,
				Base,
			);
			mainGroup = A5F5DEA72A814ED700128436;
			productRefGroup = A5F5DEB12A814ED700128436 /* Products */;
			projectDirPath = "";
			projectRoot = "";
			targets = (
				A5F5DEAF2A814ED700128436 /* SwiftUIOne */,
			);
		};
/* End PBXProject section */

/* Begin PBXResourcesBuildPhase section */
		A5F5DEAE2A814ED700128436 /* Resources */ = {
			isa = PBXResourcesBuildPhase;
			buildActionMask = 2147483647;
			files = (
				A5F5DEBC2A814ED900128436 /* Preview Assets.xcassets in Resources */,
				A5F5DEB82A814ED900128436 /* Assets.xcassets in Resources */,
			);
			runOnlyForDeploymentPostprocessing = 0;
		};
/* End PBXResourcesBuildPhase section */

/* Begin PBXSourcesBuildPhase section */
		A5F5DEAC2A814ED700128436 /* Sources */ = {
			isa = PBXSourcesBuildPhase;
			buildActionMask = 2147483647;
			files = (
				A5D13D8C2A913B520083859F /* History.swift in Sources */,
				A558CAF82A82946F00964040 /* DailyScrum.swift in Sources */,
				A54064C42A8A7BED0027A4FD /* ScrumProgressViewStyle.swift in Sources */,
				A54064C82A8A88760027A4FD /* MeetingFooterView.swift in Sources */,
				A5F87A942A9A6388008DD9E5 /* ErrorView.swift in Sources */,
				A54064C62A8A7EFF0027A4FD /* ScrumTimer.swift in Sources */,
				A5A4ED032A864F4E000FEE88 /* DetailView.swift in Sources */,
				A5E5A3902A93EE1300A6E182 /* ScrumStore.swift in Sources */,
				A55953092A86766F00D0DB5B /* DetailEditView.swift in Sources */,
				A5F87A922A9A62DF008DD9E5 /* ErrorWrapper.swift in Sources */,
				A508E1132A89579600E8DEEA /* MeetingHeaderView.swift in Sources */,
				A558CAFC2A829A3E00964040 /* TrailingIconLabelStyle.swift in Sources */,
				A539132E2A8D581200210B4A /* NewScrumSheet.swift in Sources */,
				A558CAF62A82884900964040 /* Theme.swift in Sources */,
				A5F8D48D2A87FCE80038D149 /* ThemePickerView.swift in Sources */,
				A510C9722A82BFB70058AB5F /* ScrumsView.swift in Sources */,
				A5F5DEB62A814ED700128436 /* MeetingView.swift in Sources */,
				A5F5DEB42A814ED700128436 /* SwiftUIOneApp.swift in Sources */,
				A5F8D48B2A87FB3E0038D149 /* ThemeView.swift in Sources */,
				A558CAFA2A82961500964040 /* CardView.swift in Sources */,
				A54064CA2A8A8CAA0027A4FD /* AVPlayer+Ding.swift in Sources */,
			);
			runOnlyForDeploymentPostprocessing = 0;
		};
/* End PBXSourcesBuildPhase section */

/* Begin XCBuildConfiguration section */
		A5F5DEBD2A814ED900128436 /* Debug */ = {
			isa = XCBuildConfiguration;
			buildSettings = {
				ALWAYS_SEARCH_USER_PATHS = NO;
				ASSETCATALOG_COMPILER_GENERATE_SWIFT_ASSET_SYMBOL_EXTENSIONS = YES;
				CLANG_ANALYZER_NONNULL = YES;
				CLANG_ANALYZER_NUMBER_OBJECT_CONVERSION = YES_AGGRESSIVE;
				CLANG_CXX_LANGUAGE_STANDARD = "gnu++20";
				CLANG_ENABLE_MODULES = YES;
				CLANG_ENABLE_OBJC_ARC = YES;
				CLANG_ENABLE_OBJC_WEAK = YES;
				CLANG_WARN_BLOCK_CAPTURE_AUTORELEASING = YES;
				CLANG_WARN_BOOL_CONVERSION = YES;
				CLANG_WARN_COMMA = YES;
				CLANG_WARN_CONSTANT_CONVERSION = YES;
				CLANG_WARN_DEPRECATED_OBJC_IMPLEMENTATIONS = YES;
				CLANG_WARN_DIRECT_OBJC_ISA_USAGE = YES_ERROR;
				CLANG_WARN_DOCUMENTATION_COMMENTS = YES;
				CLANG_WARN_EMPTY_BODY = YES;
				CLANG_WARN_ENUM_CONVERSION = YES;
				CLANG_WARN_INFINITE_RECURSION = YES;
				CLANG_WARN_INT_CONVERSION = YES;
				CLANG_WARN_NON_LITERAL_NULL_CONVERSION = YES;
				CLANG_WARN_OBJC_IMPLICIT_RETAIN_SELF = YES;
				CLANG_WARN_OBJC_LITERAL_CONVERSION = YES;
				CLANG_WARN_OBJC_ROOT_CLASS = YES_ERROR;
				CLANG_WARN_QUOTED_INCLUDE_IN_FRAMEWORK_HEADER = YES;
				CLANG_WARN_RANGE_LOOP_ANALYSIS = YES;
				CLANG_WARN_STRICT_PROTOTYPES = YES;
				CLANG_WARN_SUSPICIOUS_MOVE = YES;
				CLANG_WARN_UNGUARDED_AVAILABILITY = YES_AGGRESSIVE;
				CLANG_WARN_UNREACHABLE_CODE = YES;
				CLANG_WARN__DUPLICATE_METHOD_MATCH = YES;
				COPY_PHASE_STRIP = NO;
				DEBUG_INFORMATION_FORMAT = dwarf;
				ENABLE_STRICT_OBJC_MSGSEND = YES;
				ENABLE_TESTABILITY = YES;
				ENABLE_USER_SCRIPT_SANDBOXING = YES;
				GCC_C_LANGUAGE_STANDARD = gnu17;
				GCC_DYNAMIC_NO_PIC = NO;
				GCC_NO_COMMON_BLOCKS = YES;
				GCC_OPTIMIZATION_LEVEL = 0;
				GCC_PREPROCESSOR_DEFINITIONS = (
					"DEBUG=1",
					"$(inherited)",
				);
				GCC_WARN_64_TO_32_BIT_CONVERSION = YES;
				GCC_WARN_ABOUT_RETURN_TYPE = YES_ERROR;
				GCC_WARN_UNDECLARED_SELECTOR = YES;
				GCC_WARN_UNINITIALIZED_AUTOS = YES_AGGRESSIVE;
				GCC_WARN_UNUSED_FUNCTION = YES;
				GCC_WARN_UNUSED_VARIABLE = YES;
				LOCALIZATION_PREFERS_STRING_CATALOGS = YES;
				MTL_ENABLE_DEBUG_INFO = INCLUDE_SOURCE;
				MTL_FAST_MATH = YES;
				ONLY_ACTIVE_ARCH = YES;
				SWIFT_ACTIVE_COMPILATION_CONDITIONS = "DEBUG $(inherited)";
				SWIFT_OPTIMIZATION_LEVEL = "-Onone";
			};
			name = Debug;
		};
		A5F5DEBE2A814ED900128436 /* Release */ = {
			isa = XCBuildConfiguration;
			buildSettings = {
				ALWAYS_SEARCH_USER_PATHS = NO;
				ASSETCATALOG_COMPILER_GENERATE_SWIFT_ASSET_SYMBOL_EXTENSIONS = YES;
				CLANG_ANALYZER_NONNULL = YES;
				CLANG_ANALYZER_NUMBER_OBJECT_CONVERSION = YES_AGGRESSIVE;
				CLANG_CXX_LANGUAGE_STANDARD = "gnu++20";
				CLANG_ENABLE_MODULES = YES;
				CLANG_ENABLE_OBJC_ARC = YES;
				CLANG_ENABLE_OBJC_WEAK = YES;
				CLANG_WARN_BLOCK_CAPTURE_AUTORELEASING = YES;
				CLANG_WARN_BOOL_CONVERSION = YES;
				CLANG_WARN_COMMA = YES;
				CLANG_WARN_CONSTANT_CONVERSION = YES;
				CLANG_WARN_DEPRECATED_OBJC_IMPLEMENTATIONS = YES;
				CLANG_WARN_DIRECT_OBJC_ISA_USAGE = YES_ERROR;
				CLANG_WARN_DOCUMENTATION_COMMENTS = YES;
				CLANG_WARN_EMPTY_BODY = YES;
				CLANG_WARN_ENUM_CONVERSION = YES;
				CLANG_WARN_INFINITE_RECURSION = YES;
				CLANG_WARN_INT_CONVERSION = YES;
				CLANG_WARN_NON_LITERAL_NULL_CONVERSION = YES;
				CLANG_WARN_OBJC_IMPLICIT_RETAIN_SELF = YES;
				CLANG_WARN_OBJC_LITERAL_CONVERSION = YES;
				CLANG_WARN_OBJC_ROOT_CLASS = YES_ERROR;
				CLANG_WARN_QUOTED_INCLUDE_IN_FRAMEWORK_HEADER = YES;
				CLANG_WARN_RANGE_LOOP_ANALYSIS = YES;
				CLANG_WARN_STRICT_PROTOTYPES = YES;
				CLANG_WARN_SUSPICIOUS_MOVE = YES;
				CLANG_WARN_UNGUARDED_AVAILABILITY = YES_AGGRESSIVE;
				CLANG_WARN_UNREACHABLE_CODE = YES;
				CLANG_WARN__DUPLICATE_METHOD_MATCH = YES;
				COPY_PHASE_STRIP = NO;
				DEBUG_INFORMATION_FORMAT = "dwarf-with-dsym";
				ENABLE_NS_ASSERTIONS = NO;
				ENABLE_STRICT_OBJC_MSGSEND = YES;
				ENABLE_USER_SCRIPT_SANDBOXING = YES;
				GCC_C_LANGUAGE_STANDARD = gnu17;
				GCC_NO_COMMON_BLOCKS = YES;
				GCC_WARN_64_TO_32_BIT_CONVERSION = YES;
				GCC_WARN_ABOUT_RETURN_TYPE = YES_ERROR;
				GCC_WARN_UNDECLARED_SELECTOR = YES;
				GCC_WARN_UNINITIALIZED_AUTOS = YES_AGGRESSIVE;
				GCC_WARN_UNUSED_FUNCTION = YES;
				GCC_WARN_UNUSED_VARIABLE = YES;
				LOCALIZATION_PREFERS_STRING_CATALOGS = YES;
				MTL_ENABLE_DEBUG_INFO = NO;
				MTL_FAST_MATH = YES;
				SWIFT_COMPILATION_MODE = wholemodule;
			};
			name = Release;
		};
		A5F5DEC02A814ED900128436 /* Debug */ = {
			isa = XCBuildConfiguration;
			buildSettings = {
				ASSETCATALOG_COMPILER_APPICON_NAME = AppIcon;
				ASSETCATALOG_COMPILER_GLOBAL_ACCENT_COLOR_NAME = AccentColor;
				CODE_SIGN_ENTITLEMENTS = SwiftUIOne/SwiftUIOne.entitlements;
				CODE_SIGN_STYLE = Automatic;
				CURRENT_PROJECT_VERSION = 1;
				DEVELOPMENT_ASSET_PATHS = "\"SwiftUIOne/Preview Content\"";
				DEVELOPMENT_TEAM = TAYYL936C4;
				ENABLE_HARDENED_RUNTIME = YES;
				ENABLE_PREVIEWS = YES;
				GENERATE_INFOPLIST_FILE = YES;
				"INFOPLIST_KEY_UIApplicationSceneManifest_Generation[sdk=iphoneos*]" = YES;
				"INFOPLIST_KEY_UIApplicationSceneManifest_Generation[sdk=iphonesimulator*]" = YES;
				"INFOPLIST_KEY_UIApplicationSupportsIndirectInputEvents[sdk=iphoneos*]" = YES;
				"INFOPLIST_KEY_UIApplicationSupportsIndirectInputEvents[sdk=iphonesimulator*]" = YES;
				"INFOPLIST_KEY_UILaunchScreen_Generation[sdk=iphoneos*]" = YES;
				"INFOPLIST_KEY_UILaunchScreen_Generation[sdk=iphonesimulator*]" = YES;
				"INFOPLIST_KEY_UIStatusBarStyle[sdk=iphoneos*]" = UIStatusBarStyleDefault;
				"INFOPLIST_KEY_UIStatusBarStyle[sdk=iphonesimulator*]" = UIStatusBarStyleDefault;
				INFOPLIST_KEY_UISupportedInterfaceOrientations_iPad = "UIInterfaceOrientationPortrait UIInterfaceOrientationPortraitUpsideDown UIInterfaceOrientationLandscapeLeft UIInterfaceOrientationLandscapeRight";
				INFOPLIST_KEY_UISupportedInterfaceOrientations_iPhone = "UIInterfaceOrientationPortrait UIInterfaceOrientationLandscapeLeft UIInterfaceOrientationLandscapeRight";
				IPHONEOS_DEPLOYMENT_TARGET = 16.0;
				LD_RUNPATH_SEARCH_PATHS = "@executable_path/Frameworks";
				"LD_RUNPATH_SEARCH_PATHS[sdk=macosx*]" = "@executable_path/../Frameworks";
				MACOSX_DEPLOYMENT_TARGET = 13.4;
				MARKETING_VERSION = 1.0;
				PRODUCT_BUNDLE_IDENTIFIER = mk812yPetApp.SwiftUIOne;
				PRODUCT_NAME = "$(TARGET_NAME)";
				SDKROOT = auto;
				SUPPORTED_PLATFORMS = "iphoneos iphonesimulator macosx";
				SWIFT_EMIT_LOC_STRINGS = YES;
				SWIFT_VERSION = 5.0;
				TARGETED_DEVICE_FAMILY = "1,2";
			};
			name = Debug;
		};
		A5F5DEC12A814ED900128436 /* Release */ = {
			isa = XCBuildConfiguration;
			buildSettings = {
				ASSETCATALOG_COMPILER_APPICON_NAME = AppIcon;
				ASSETCATALOG_COMPILER_GLOBAL_ACCENT_COLOR_NAME = AccentColor;
				CODE_SIGN_ENTITLEMENTS = SwiftUIOne/SwiftUIOne.entitlements;
				CODE_SIGN_STYLE = Automatic;
				CURRENT_PROJECT_VERSION = 1;
				DEVELOPMENT_ASSET_PATHS = "\"SwiftUIOne/Preview Content\"";
				DEVELOPMENT_TEAM = TAYYL936C4;
				ENABLE_HARDENED_RUNTIME = YES;
				ENABLE_PREVIEWS = YES;
				GENERATE_INFOPLIST_FILE = YES;
				"INFOPLIST_KEY_UIApplicationSceneManifest_Generation[sdk=iphoneos*]" = YES;
				"INFOPLIST_KEY_UIApplicationSceneManifest_Generation[sdk=iphonesimulator*]" = YES;
				"INFOPLIST_KEY_UIApplicationSupportsIndirectInputEvents[sdk=iphoneos*]" = YES;
				"INFOPLIST_KEY_UIApplicationSupportsIndirectInputEvents[sdk=iphonesimulator*]" = YES;
				"INFOPLIST_KEY_UILaunchScreen_Generation[sdk=iphoneos*]" = YES;
				"INFOPLIST_KEY_UILaunchScreen_Generation[sdk=iphonesimulator*]" = YES;
				"INFOPLIST_KEY_UIStatusBarStyle[sdk=iphoneos*]" = UIStatusBarStyleDefault;
				"INFOPLIST_KEY_UIStatusBarStyle[sdk=iphonesimulator*]" = UIStatusBarStyleDefault;
				INFOPLIST_KEY_UISupportedInterfaceOrientations_iPad = "UIInterfaceOrientationPortrait UIInterfaceOrientationPortraitUpsideDown UIInterfaceOrientationLandscapeLeft UIInterfaceOrientationLandscapeRight";
				INFOPLIST_KEY_UISupportedInterfaceOrientations_iPhone = "UIInterfaceOrientationPortrait UIInterfaceOrientationLandscapeLeft UIInterfaceOrientationLandscapeRight";
				IPHONEOS_DEPLOYMENT_TARGET = 16.0;
				LD_RUNPATH_SEARCH_PATHS = "@executable_path/Frameworks";
				"LD_RUNPATH_SEARCH_PATHS[sdk=macosx*]" = "@executable_path/../Frameworks";
				MACOSX_DEPLOYMENT_TARGET = 13.4;
				MARKETING_VERSION = 1.0;
				PRODUCT_BUNDLE_IDENTIFIER = mk812yPetApp.SwiftUIOne;
				PRODUCT_NAME = "$(TARGET_NAME)";
				SDKROOT = auto;
				SUPPORTED_PLATFORMS = "iphoneos iphonesimulator macosx";
				SWIFT_EMIT_LOC_STRINGS = YES;
				SWIFT_VERSION = 5.0;
				TARGETED_DEVICE_FAMILY = "1,2";
			};
			name = Release;
		};
/* End XCBuildConfiguration section */

/* Begin XCConfigurationList section */
		A5F5DEAB2A814ED700128436 /* Build configuration list for PBXProject "SwiftUIOne" */ = {
			isa = XCConfigurationList;
			buildConfigurations = (
				A5F5DEBD2A814ED900128436 /* Debug */,
				A5F5DEBE2A814ED900128436 /* Release */,
			);
			defaultConfigurationIsVisible = 0;
			defaultConfigurationName = Release;
		};
		A5F5DEBF2A814ED900128436 /* Build configuration list for PBXNativeTarget "SwiftUIOne" */ = {
			isa = XCConfigurationList;
			buildConfigurations = (
				A5F5DEC02A814ED900128436 /* Debug */,
				A5F5DEC12A814ED900128436 /* Release */,
			);
			defaultConfigurationIsVisible = 0;
			defaultConfigurationName = Release;
		};
/* End XCConfigurationList section */
	};
	rootObject = A5F5DEA82A814ED700128436 /* Project object */;
}
